// !$*UTF8*$!
{
	archiveVersion = 1;
	classes = {
	};
	objectVersion = 52;
	objects = {

/* Begin PBXBuildFile section */
		C8157AD725C1CFD000A1046A /* Kingfisher in Frameworks */ = {isa = PBXBuildFile; productRef = C8157AD625C1CFD000A1046A /* Kingfisher */; };
		C8157B2E25C3086600A1046A /* Realm in Frameworks */ = {isa = PBXBuildFile; productRef = C8157B2D25C3086600A1046A /* Realm */; };
		C8157B3025C3086600A1046A /* RealmSwift in Frameworks */ = {isa = PBXBuildFile; productRef = C8157B2F25C3086600A1046A /* RealmSwift */; };
		C82A8B0225CB5CB30039AD52 /* TeamBuilderView.swift in Sources */ = {isa = PBXBuildFile; fileRef = C82A8B0125CB5CB30039AD52 /* TeamBuilderView.swift */; };
		C82A8B0625CB5CC00039AD52 /* BattleSimulatorView.swift in Sources */ = {isa = PBXBuildFile; fileRef = C82A8B0525CB5CC00039AD52 /* BattleSimulatorView.swift */; };
		C878847D25BDEAEF00BB3662 /* PokedexApp.swift in Sources */ = {isa = PBXBuildFile; fileRef = C878847C25BDEAEF00BB3662 /* PokedexApp.swift */; };
		C878847F25BDEAEF00BB3662 /* ContentView.swift in Sources */ = {isa = PBXBuildFile; fileRef = C878847E25BDEAEF00BB3662 /* ContentView.swift */; };
		C878848125BDEAF100BB3662 /* Assets.xcassets in Resources */ = {isa = PBXBuildFile; fileRef = C878848025BDEAF100BB3662 /* Assets.xcassets */; };
		C878848425BDEAF100BB3662 /* Preview Assets.xcassets in Resources */ = {isa = PBXBuildFile; fileRef = C878848325BDEAF100BB3662 /* Preview Assets.xcassets */; };
		C878849125BDF05500BB3662 /* Color+Extensions.swift in Sources */ = {isa = PBXBuildFile; fileRef = C878849025BDF05500BB3662 /* Color+Extensions.swift */; };
		C87E4B1125C5EB2B00A294C5 /* RealmDataModels.swift in Sources */ = {isa = PBXBuildFile; fileRef = C87E4B1025C5EB2B00A294C5 /* RealmDataModels.swift */; };
		C87E4B1C25C5F18B00A294C5 /* SwiftDexService.swift in Sources */ = {isa = PBXBuildFile; fileRef = C87E4B1B25C5F18B00A294C5 /* SwiftDexService.swift */; };
		C87E4B2D25C60CBC00A294C5 /* VersionGroupSelectionView.swift in Sources */ = {isa = PBXBuildFile; fileRef = C87E4B2C25C60CBC00A294C5 /* VersionGroupSelectionView.swift */; };
		C885B3D425C659EE00D2B7AF /* PokemonAlternateFormsView.swift in Sources */ = {isa = PBXBuildFile; fileRef = C885B3D325C659EE00D2B7AF /* PokemonAlternateFormsView.swift */; };
		C894214425C9A90B007E3A04 /* swiftdex in Resources */ = {isa = PBXBuildFile; fileRef = C894214325C9A90B007E3A04 /* swiftdex */; };
		C894214A25CB2001007E3A04 /* SettingsView.swift in Sources */ = {isa = PBXBuildFile; fileRef = C894214925CB2001007E3A04 /* SettingsView.swift */; };
		C894215025CB2618007E3A04 /* ExpandableBottomSheet.swift in Sources */ = {isa = PBXBuildFile; fileRef = C894214F25CB2618007E3A04 /* ExpandableBottomSheet.swift */; };
		C894215325CB292A007E3A04 /* MoveDetailView.swift in Sources */ = {isa = PBXBuildFile; fileRef = C894215225CB292A007E3A04 /* MoveDetailView.swift */; };
		C8A682F025BF59BE00BF905D /* PokemonAbilitiesView.swift in Sources */ = {isa = PBXBuildFile; fileRef = C8A682EF25BF59BE00BF905D /* PokemonAbilitiesView.swift */; };
		C8A682F325BF59E400BF905D /* PokemonSpeciesInfoView.swift in Sources */ = {isa = PBXBuildFile; fileRef = C8A682F225BF59E400BF905D /* PokemonSpeciesInfoView.swift */; };
		C8A682F725BF5A1200BF905D /* PokemonEvolutionView.swift in Sources */ = {isa = PBXBuildFile; fileRef = C8A682F625BF5A1200BF905D /* PokemonEvolutionView.swift */; };
		C8A682FA25BF5A4500BF905D /* PokemonStatsView.swift in Sources */ = {isa = PBXBuildFile; fileRef = C8A682F925BF5A4500BF905D /* PokemonStatsView.swift */; };
		C8A682FE25BF964B00BF905D /* TypeEffectivenessTable.swift in Sources */ = {isa = PBXBuildFile; fileRef = C8A682FD25BF964B00BF905D /* TypeEffectivenessTable.swift */; };
		C8A6830625C0856700BF905D /* SpeciesBreedingInfoView.swift in Sources */ = {isa = PBXBuildFile; fileRef = C8A6830525C0856700BF905D /* SpeciesBreedingInfoView.swift */; };
		C8A6830925C085A100BF905D /* PokemonMovesView.swift in Sources */ = {isa = PBXBuildFile; fileRef = C8A6830825C085A100BF905D /* PokemonMovesView.swift */; };
		C8A6830C25C0861A00BF905D /* PokemonEVYieldsView.swift in Sources */ = {isa = PBXBuildFile; fileRef = C8A6830B25C0861A00BF905D /* PokemonEVYieldsView.swift */; };
		C8A6830F25C0865A00BF905D /* PokemonTypeWeaknessesView.swift in Sources */ = {isa = PBXBuildFile; fileRef = C8A6830E25C0865A00BF905D /* PokemonTypeWeaknessesView.swift */; };
		C8DAEF2C25C7009000B76089 /* PokedexView.swift in Sources */ = {isa = PBXBuildFile; fileRef = C8DAEF2B25C7009000B76089 /* PokedexView.swift */; };
		C8F2F54625BE217C0006CDB6 /* PokemonView.swift in Sources */ = {isa = PBXBuildFile; fileRef = C8F2F54525BE217C0006CDB6 /* PokemonView.swift */; };
		C8F2F54925BE22BA0006CDB6 /* PokemonSummaryView.swift in Sources */ = {isa = PBXBuildFile; fileRef = C8F2F54825BE22BA0006CDB6 /* PokemonSummaryView.swift */; };
		C8F2F54E25BE2B730006CDB6 /* 1.mp3 in Resources */ = {isa = PBXBuildFile; fileRef = C8F2F54D25BE2B730006CDB6 /* 1.mp3 */; };
/* End PBXBuildFile section */

/* Begin PBXFileReference section */
		C82A8B0125CB5CB30039AD52 /* TeamBuilderView.swift */ = {isa = PBXFileReference; lastKnownFileType = sourcecode.swift; path = TeamBuilderView.swift; sourceTree = "<group>"; };
		C82A8B0525CB5CC00039AD52 /* BattleSimulatorView.swift */ = {isa = PBXFileReference; lastKnownFileType = sourcecode.swift; path = BattleSimulatorView.swift; sourceTree = "<group>"; };
		C878847925BDEAEF00BB3662 /* Pokedex.app */ = {isa = PBXFileReference; explicitFileType = wrapper.application; includeInIndex = 0; path = Pokedex.app; sourceTree = BUILT_PRODUCTS_DIR; };
		C878847C25BDEAEF00BB3662 /* PokedexApp.swift */ = {isa = PBXFileReference; lastKnownFileType = sourcecode.swift; path = PokedexApp.swift; sourceTree = "<group>"; };
		C878847E25BDEAEF00BB3662 /* ContentView.swift */ = {isa = PBXFileReference; lastKnownFileType = sourcecode.swift; path = ContentView.swift; sourceTree = "<group>"; };
		C878848025BDEAF100BB3662 /* Assets.xcassets */ = {isa = PBXFileReference; lastKnownFileType = folder.assetcatalog; path = Assets.xcassets; sourceTree = "<group>"; };
		C878848325BDEAF100BB3662 /* Preview Assets.xcassets */ = {isa = PBXFileReference; lastKnownFileType = folder.assetcatalog; path = "Preview Assets.xcassets"; sourceTree = "<group>"; };
		C878848525BDEAF100BB3662 /* Info.plist */ = {isa = PBXFileReference; lastKnownFileType = text.plist.xml; path = Info.plist; sourceTree = "<group>"; };
		C878849025BDF05500BB3662 /* Color+Extensions.swift */ = {isa = PBXFileReference; lastKnownFileType = sourcecode.swift; path = "Color+Extensions.swift"; sourceTree = "<group>"; };
		C87E4B1025C5EB2B00A294C5 /* RealmDataModels.swift */ = {isa = PBXFileReference; fileEncoding = 4; lastKnownFileType = sourcecode.swift; path = RealmDataModels.swift; sourceTree = "<group>"; };
		C87E4B1B25C5F18B00A294C5 /* SwiftDexService.swift */ = {isa = PBXFileReference; lastKnownFileType = sourcecode.swift; path = SwiftDexService.swift; sourceTree = "<group>"; };
		C87E4B2C25C60CBC00A294C5 /* VersionGroupSelectionView.swift */ = {isa = PBXFileReference; lastKnownFileType = sourcecode.swift; path = VersionGroupSelectionView.swift; sourceTree = "<group>"; };
		C885B3D325C659EE00D2B7AF /* PokemonAlternateFormsView.swift */ = {isa = PBXFileReference; lastKnownFileType = sourcecode.swift; path = PokemonAlternateFormsView.swift; sourceTree = "<group>"; };
		C894214325C9A90B007E3A04 /* swiftdex */ = {isa = PBXFileReference; lastKnownFileType = file; path = swiftdex; sourceTree = "<group>"; };
		C894214925CB2001007E3A04 /* SettingsView.swift */ = {isa = PBXFileReference; lastKnownFileType = sourcecode.swift; path = SettingsView.swift; sourceTree = "<group>"; };
		C894214F25CB2618007E3A04 /* ExpandableBottomSheet.swift */ = {isa = PBXFileReference; lastKnownFileType = sourcecode.swift; path = ExpandableBottomSheet.swift; sourceTree = "<group>"; };
		C894215225CB292A007E3A04 /* MoveDetailView.swift */ = {isa = PBXFileReference; lastKnownFileType = sourcecode.swift; path = MoveDetailView.swift; sourceTree = "<group>"; };
		C8A682EF25BF59BE00BF905D /* PokemonAbilitiesView.swift */ = {isa = PBXFileReference; lastKnownFileType = sourcecode.swift; path = PokemonAbilitiesView.swift; sourceTree = "<group>"; };
		C8A682F225BF59E400BF905D /* PokemonSpeciesInfoView.swift */ = {isa = PBXFileReference; lastKnownFileType = sourcecode.swift; path = PokemonSpeciesInfoView.swift; sourceTree = "<group>"; };
		C8A682F625BF5A1200BF905D /* PokemonEvolutionView.swift */ = {isa = PBXFileReference; lastKnownFileType = sourcecode.swift; path = PokemonEvolutionView.swift; sourceTree = "<group>"; };
		C8A682F925BF5A4500BF905D /* PokemonStatsView.swift */ = {isa = PBXFileReference; lastKnownFileType = sourcecode.swift; path = PokemonStatsView.swift; sourceTree = "<group>"; };
		C8A682FD25BF964B00BF905D /* TypeEffectivenessTable.swift */ = {isa = PBXFileReference; lastKnownFileType = sourcecode.swift; path = TypeEffectivenessTable.swift; sourceTree = "<group>"; };
		C8A6830525C0856700BF905D /* SpeciesBreedingInfoView.swift */ = {isa = PBXFileReference; lastKnownFileType = sourcecode.swift; path = SpeciesBreedingInfoView.swift; sourceTree = "<group>"; };
		C8A6830825C085A100BF905D /* PokemonMovesView.swift */ = {isa = PBXFileReference; lastKnownFileType = sourcecode.swift; path = PokemonMovesView.swift; sourceTree = "<group>"; };
		C8A6830B25C0861A00BF905D /* PokemonEVYieldsView.swift */ = {isa = PBXFileReference; lastKnownFileType = sourcecode.swift; path = PokemonEVYieldsView.swift; sourceTree = "<group>"; };
		C8A6830E25C0865A00BF905D /* PokemonTypeWeaknessesView.swift */ = {isa = PBXFileReference; lastKnownFileType = sourcecode.swift; path = PokemonTypeWeaknessesView.swift; sourceTree = "<group>"; };
		C8DAEF2B25C7009000B76089 /* PokedexView.swift */ = {isa = PBXFileReference; lastKnownFileType = sourcecode.swift; path = PokedexView.swift; sourceTree = "<group>"; };
		C8F2F54525BE217C0006CDB6 /* PokemonView.swift */ = {isa = PBXFileReference; lastKnownFileType = sourcecode.swift; path = PokemonView.swift; sourceTree = "<group>"; };
		C8F2F54825BE22BA0006CDB6 /* PokemonSummaryView.swift */ = {isa = PBXFileReference; lastKnownFileType = sourcecode.swift; path = PokemonSummaryView.swift; sourceTree = "<group>"; };
		C8F2F54D25BE2B730006CDB6 /* 1.mp3 */ = {isa = PBXFileReference; lastKnownFileType = audio.mp3; path = 1.mp3; sourceTree = "<group>"; };
/* End PBXFileReference section */

/* Begin PBXFrameworksBuildPhase section */
		C878847625BDEAEF00BB3662 /* Frameworks */ = {
			isa = PBXFrameworksBuildPhase;
			buildActionMask = 2147483647;
			files = (
				C8157B3025C3086600A1046A /* RealmSwift in Frameworks */,
				C8157B2E25C3086600A1046A /* Realm in Frameworks */,
				C8157AD725C1CFD000A1046A /* Kingfisher in Frameworks */,
			);
			runOnlyForDeploymentPostprocessing = 0;
		};
/* End PBXFrameworksBuildPhase section */

/* Begin PBXGroup section */
		C8157AF525C23AF700A1046A /* Frameworks */ = {
			isa = PBXGroup;
			children = (
			);
			name = Frameworks;
			sourceTree = "<group>";
		};
		C878847025BDEAEF00BB3662 = {
			isa = PBXGroup;
			children = (
				C878847B25BDEAEF00BB3662 /* Pokedex */,
				C878847A25BDEAEF00BB3662 /* Products */,
				C8157AF525C23AF700A1046A /* Frameworks */,
			);
			sourceTree = "<group>";
		};
		C878847A25BDEAEF00BB3662 /* Products */ = {
			isa = PBXGroup;
			children = (
				C878847925BDEAEF00BB3662 /* Pokedex.app */,
			);
			name = Products;
			sourceTree = "<group>";
		};
		C878847B25BDEAEF00BB3662 /* Pokedex */ = {
			isa = PBXGroup;
			children = (
				C878847C25BDEAEF00BB3662 /* PokedexApp.swift */,
				C878847E25BDEAEF00BB3662 /* ContentView.swift */,
				C8DAEF2B25C7009000B76089 /* PokedexView.swift */,
				C82A8B0125CB5CB30039AD52 /* TeamBuilderView.swift */,
				C82A8B0525CB5CC00039AD52 /* BattleSimulatorView.swift */,
				C894214925CB2001007E3A04 /* SettingsView.swift */,
				C878848025BDEAF100BB3662 /* Assets.xcassets */,
				C878848525BDEAF100BB3662 /* Info.plist */,
				C878848225BDEAF100BB3662 /* Preview Content */,
				C878849025BDF05500BB3662 /* Color+Extensions.swift */,
				C8A682EC25BF599100BF905D /* Pokemon Detail View */,
				C8F2F54C25BE2B5C0006CDB6 /* Resources */,
				C87E4B1B25C5F18B00A294C5 /* SwiftDexService.swift */,
				C87E4B2C25C60CBC00A294C5 /* VersionGroupSelectionView.swift */,
				C894214F25CB2618007E3A04 /* ExpandableBottomSheet.swift */,
				C894215225CB292A007E3A04 /* MoveDetailView.swift */,
			);
			path = Pokedex;
			sourceTree = "<group>";
		};
		C878848225BDEAF100BB3662 /* Preview Content */ = {
			isa = PBXGroup;
			children = (
				C878848325BDEAF100BB3662 /* Preview Assets.xcassets */,
			);
			path = "Preview Content";
			sourceTree = "<group>";
		};
		C87E4B1325C5F13500A294C5 /* Realm */ = {
			isa = PBXGroup;
			children = (
				C894214325C9A90B007E3A04 /* swiftdex */,
			);
			path = Realm;
			sourceTree = "<group>";
		};
		C8A682EC25BF599100BF905D /* Pokemon Detail View */ = {
			isa = PBXGroup;
			children = (
				C8F2F54525BE217C0006CDB6 /* PokemonView.swift */,
				C8F2F54825BE22BA0006CDB6 /* PokemonSummaryView.swift */,
				C8A682F225BF59E400BF905D /* PokemonSpeciesInfoView.swift */,
				C8A682EF25BF59BE00BF905D /* PokemonAbilitiesView.swift */,
				C8A682F925BF5A4500BF905D /* PokemonStatsView.swift */,
				C8A682F625BF5A1200BF905D /* PokemonEvolutionView.swift */,
				C8A6830525C0856700BF905D /* SpeciesBreedingInfoView.swift */,
				C8A6830825C085A100BF905D /* PokemonMovesView.swift */,
				C8A6830B25C0861A00BF905D /* PokemonEVYieldsView.swift */,
				C8A6830E25C0865A00BF905D /* PokemonTypeWeaknessesView.swift */,
				C885B3D325C659EE00D2B7AF /* PokemonAlternateFormsView.swift */,
			);
			path = "Pokemon Detail View";
			sourceTree = "<group>";
		};
		C8F2F54C25BE2B5C0006CDB6 /* Resources */ = {
			isa = PBXGroup;
			children = (
				C87E4B1325C5F13500A294C5 /* Realm */,
				C87E4B1025C5EB2B00A294C5 /* RealmDataModels.swift */,
				C8F2F54D25BE2B730006CDB6 /* 1.mp3 */,
				C8A682FD25BF964B00BF905D /* TypeEffectivenessTable.swift */,
			);
			path = Resources;
			sourceTree = "<group>";
		};
/* End PBXGroup section */

/* Begin PBXNativeTarget section */
		C878847825BDEAEF00BB3662 /* Pokedex */ = {
			isa = PBXNativeTarget;
			buildConfigurationList = C878848825BDEAF100BB3662 /* Build configuration list for PBXNativeTarget "Pokedex" */;
			buildPhases = (
				C878847525BDEAEF00BB3662 /* Sources */,
				C878847625BDEAEF00BB3662 /* Frameworks */,
				C878847725BDEAEF00BB3662 /* Resources */,
			);
			buildRules = (
			);
			dependencies = (
			);
			name = Pokedex;
			packageProductDependencies = (
				C8157AD625C1CFD000A1046A /* Kingfisher */,
				C8157B2D25C3086600A1046A /* Realm */,
				C8157B2F25C3086600A1046A /* RealmSwift */,
			);
			productName = Pokedex;
			productReference = C878847925BDEAEF00BB3662 /* Pokedex.app */;
			productType = "com.apple.product-type.application";
		};
/* End PBXNativeTarget section */

/* Begin PBXProject section */
		C878847125BDEAEF00BB3662 /* Project object */ = {
			isa = PBXProject;
			attributes = {
				LastSwiftUpdateCheck = 1230;
				LastUpgradeCheck = 1230;
				TargetAttributes = {
					C878847825BDEAEF00BB3662 = {
						CreatedOnToolsVersion = 12.3;
					};
				};
			};
			buildConfigurationList = C878847425BDEAEF00BB3662 /* Build configuration list for PBXProject "Pokedex" */;
			compatibilityVersion = "Xcode 9.3";
			developmentRegion = en;
			hasScannedForEncodings = 0;
			knownRegions = (
				en,
				Base,
			);
			mainGroup = C878847025BDEAEF00BB3662;
			packageReferences = (
				C8157AD525C1CFD000A1046A /* XCRemoteSwiftPackageReference "Kingfisher" */,
				C8157B2C25C3086600A1046A /* XCRemoteSwiftPackageReference "realm-cocoa" */,
			);
			productRefGroup = C878847A25BDEAEF00BB3662 /* Products */;
			projectDirPath = "";
			projectRoot = "";
			targets = (
				C878847825BDEAEF00BB3662 /* Pokedex */,
			);
		};
/* End PBXProject section */

/* Begin PBXResourcesBuildPhase section */
		C878847725BDEAEF00BB3662 /* Resources */ = {
			isa = PBXResourcesBuildPhase;
			buildActionMask = 2147483647;
			files = (
				C8F2F54E25BE2B730006CDB6 /* 1.mp3 in Resources */,
				C878848425BDEAF100BB3662 /* Preview Assets.xcassets in Resources */,
				C894214425C9A90B007E3A04 /* swiftdex in Resources */,
				C878848125BDEAF100BB3662 /* Assets.xcassets in Resources */,
			);
			runOnlyForDeploymentPostprocessing = 0;
		};
/* End PBXResourcesBuildPhase section */

/* Begin PBXSourcesBuildPhase section */
		C878847525BDEAEF00BB3662 /* Sources */ = {
			isa = PBXSourcesBuildPhase;
			buildActionMask = 2147483647;
			files = (
				C878847F25BDEAEF00BB3662 /* ContentView.swift in Sources */,
				C87E4B1C25C5F18B00A294C5 /* SwiftDexService.swift in Sources */,
				C8A682FE25BF964B00BF905D /* TypeEffectivenessTable.swift in Sources */,
				C8F2F54625BE217C0006CDB6 /* PokemonView.swift in Sources */,
				C87E4B2D25C60CBC00A294C5 /* VersionGroupSelectionView.swift in Sources */,
				C894214A25CB2001007E3A04 /* SettingsView.swift in Sources */,
				C894215025CB2618007E3A04 /* ExpandableBottomSheet.swift in Sources */,
				C8F2F54925BE22BA0006CDB6 /* PokemonSummaryView.swift in Sources */,
				C8A682F325BF59E400BF905D /* PokemonSpeciesInfoView.swift in Sources */,
				C8A682FA25BF5A4500BF905D /* PokemonStatsView.swift in Sources */,
				C8A682F025BF59BE00BF905D /* PokemonAbilitiesView.swift in Sources */,
				C885B3D425C659EE00D2B7AF /* PokemonAlternateFormsView.swift in Sources */,
				C82A8B0225CB5CB30039AD52 /* TeamBuilderView.swift in Sources */,
				C8A6830925C085A100BF905D /* PokemonMovesView.swift in Sources */,
				C8A6830625C0856700BF905D /* SpeciesBreedingInfoView.swift in Sources */,
				C8A6830C25C0861A00BF905D /* PokemonEVYieldsView.swift in Sources */,
				C878847D25BDEAEF00BB3662 /* PokedexApp.swift in Sources */,
				C894215325CB292A007E3A04 /* MoveDetailView.swift in Sources */,
				C87E4B1125C5EB2B00A294C5 /* RealmDataModels.swift in Sources */,
				C82A8B0625CB5CC00039AD52 /* BattleSimulatorView.swift in Sources */,
				C8DAEF2C25C7009000B76089 /* PokedexView.swift in Sources */,
				C8A6830F25C0865A00BF905D /* PokemonTypeWeaknessesView.swift in Sources */,
				C8A682F725BF5A1200BF905D /* PokemonEvolutionView.swift in Sources */,
				C878849125BDF05500BB3662 /* Color+Extensions.swift in Sources */,
			);
			runOnlyForDeploymentPostprocessing = 0;
		};
/* End PBXSourcesBuildPhase section */

/* Begin XCBuildConfiguration section */
		C878848625BDEAF100BB3662 /* Debug */ = {
			isa = XCBuildConfiguration;
			buildSettings = {
				ALWAYS_SEARCH_USER_PATHS = NO;
				CLANG_ANALYZER_NONNULL = YES;
				CLANG_ANALYZER_NUMBER_OBJECT_CONVERSION = YES_AGGRESSIVE;
				CLANG_CXX_LANGUAGE_STANDARD = "gnu++14";
				CLANG_CXX_LIBRARY = "libc++";
				CLANG_ENABLE_MODULES = YES;
				CLANG_ENABLE_OBJC_ARC = YES;
				CLANG_ENABLE_OBJC_WEAK = YES;
				CLANG_WARN_BLOCK_CAPTURE_AUTORELEASING = YES;
				CLANG_WARN_BOOL_CONVERSION = YES;
				CLANG_WARN_COMMA = YES;
				CLANG_WARN_CONSTANT_CONVERSION = YES;
				CLANG_WARN_DEPRECATED_OBJC_IMPLEMENTATIONS = YES;
				CLANG_WARN_DIRECT_OBJC_ISA_USAGE = YES_ERROR;
				CLANG_WARN_DOCUMENTATION_COMMENTS = YES;
				CLANG_WARN_EMPTY_BODY = YES;
				CLANG_WARN_ENUM_CONVERSION = YES;
				CLANG_WARN_INFINITE_RECURSION = YES;
				CLANG_WARN_INT_CONVERSION = YES;
				CLANG_WARN_NON_LITERAL_NULL_CONVERSION = YES;
				CLANG_WARN_OBJC_IMPLICIT_RETAIN_SELF = YES;
				CLANG_WARN_OBJC_LITERAL_CONVERSION = YES;
				CLANG_WARN_OBJC_ROOT_CLASS = YES_ERROR;
				CLANG_WARN_QUOTED_INCLUDE_IN_FRAMEWORK_HEADER = YES;
				CLANG_WARN_RANGE_LOOP_ANALYSIS = YES;
				CLANG_WARN_STRICT_PROTOTYPES = YES;
				CLANG_WARN_SUSPICIOUS_MOVE = YES;
				CLANG_WARN_UNGUARDED_AVAILABILITY = YES_AGGRESSIVE;
				CLANG_WARN_UNREACHABLE_CODE = YES;
				CLANG_WARN__DUPLICATE_METHOD_MATCH = YES;
				COPY_PHASE_STRIP = NO;
				DEBUG_INFORMATION_FORMAT = dwarf;
				ENABLE_STRICT_OBJC_MSGSEND = YES;
				ENABLE_TESTABILITY = YES;
				GCC_C_LANGUAGE_STANDARD = gnu11;
				GCC_DYNAMIC_NO_PIC = NO;
				GCC_NO_COMMON_BLOCKS = YES;
				GCC_OPTIMIZATION_LEVEL = 0;
				GCC_PREPROCESSOR_DEFINITIONS = (
					"DEBUG=1",
					"$(inherited)",
				);
				GCC_WARN_64_TO_32_BIT_CONVERSION = YES;
				GCC_WARN_ABOUT_RETURN_TYPE = YES_ERROR;
				GCC_WARN_UNDECLARED_SELECTOR = YES;
				GCC_WARN_UNINITIALIZED_AUTOS = YES_AGGRESSIVE;
				GCC_WARN_UNUSED_FUNCTION = YES;
				GCC_WARN_UNUSED_VARIABLE = YES;
				IPHONEOS_DEPLOYMENT_TARGET = 14.3;
				MTL_ENABLE_DEBUG_INFO = INCLUDE_SOURCE;
				MTL_FAST_MATH = YES;
				ONLY_ACTIVE_ARCH = YES;
				SDKROOT = iphoneos;
				SWIFT_ACTIVE_COMPILATION_CONDITIONS = DEBUG;
				SWIFT_OPTIMIZATION_LEVEL = "-Onone";
			};
			name = Debug;
		};
		C878848725BDEAF100BB3662 /* Release */ = {
			isa = XCBuildConfiguration;
			buildSettings = {
				ALWAYS_SEARCH_USER_PATHS = NO;
				CLANG_ANALYZER_NONNULL = YES;
				CLANG_ANALYZER_NUMBER_OBJECT_CONVERSION = YES_AGGRESSIVE;
				CLANG_CXX_LANGUAGE_STANDARD = "gnu++14";
				CLANG_CXX_LIBRARY = "libc++";
				CLANG_ENABLE_MODULES = YES;
				CLANG_ENABLE_OBJC_ARC = YES;
				CLANG_ENABLE_OBJC_WEAK = YES;
				CLANG_WARN_BLOCK_CAPTURE_AUTORELEASING = YES;
				CLANG_WARN_BOOL_CONVERSION = YES;
				CLANG_WARN_COMMA = YES;
				CLANG_WARN_CONSTANT_CONVERSION = YES;
				CLANG_WARN_DEPRECATED_OBJC_IMPLEMENTATIONS = YES;
				CLANG_WARN_DIRECT_OBJC_ISA_USAGE = YES_ERROR;
				CLANG_WARN_DOCUMENTATION_COMMENTS = YES;
				CLANG_WARN_EMPTY_BODY = YES;
				CLANG_WARN_ENUM_CONVERSION = YES;
				CLANG_WARN_INFINITE_RECURSION = YES;
				CLANG_WARN_INT_CONVERSION = YES;
				CLANG_WARN_NON_LITERAL_NULL_CONVERSION = YES;
				CLANG_WARN_OBJC_IMPLICIT_RETAIN_SELF = YES;
				CLANG_WARN_OBJC_LITERAL_CONVERSION = YES;
				CLANG_WARN_OBJC_ROOT_CLASS = YES_ERROR;
				CLANG_WARN_QUOTED_INCLUDE_IN_FRAMEWORK_HEADER = YES;
				CLANG_WARN_RANGE_LOOP_ANALYSIS = YES;
				CLANG_WARN_STRICT_PROTOTYPES = YES;
				CLANG_WARN_SUSPICIOUS_MOVE = YES;
				CLANG_WARN_UNGUARDED_AVAILABILITY = YES_AGGRESSIVE;
				CLANG_WARN_UNREACHABLE_CODE = YES;
				CLANG_WARN__DUPLICATE_METHOD_MATCH = YES;
				COPY_PHASE_STRIP = NO;
				DEBUG_INFORMATION_FORMAT = "dwarf-with-dsym";
				ENABLE_NS_ASSERTIONS = NO;
				ENABLE_STRICT_OBJC_MSGSEND = YES;
				GCC_C_LANGUAGE_STANDARD = gnu11;
				GCC_NO_COMMON_BLOCKS = YES;
				GCC_WARN_64_TO_32_BIT_CONVERSION = YES;
				GCC_WARN_ABOUT_RETURN_TYPE = YES_ERROR;
				GCC_WARN_UNDECLARED_SELECTOR = YES;
				GCC_WARN_UNINITIALIZED_AUTOS = YES_AGGRESSIVE;
				GCC_WARN_UNUSED_FUNCTION = YES;
				GCC_WARN_UNUSED_VARIABLE = YES;
				IPHONEOS_DEPLOYMENT_TARGET = 14.3;
				MTL_ENABLE_DEBUG_INFO = NO;
				MTL_FAST_MATH = YES;
				SDKROOT = iphoneos;
				SWIFT_COMPILATION_MODE = wholemodule;
				SWIFT_OPTIMIZATION_LEVEL = "-O";
				VALIDATE_PRODUCT = YES;
			};
			name = Release;
		};
		C878848925BDEAF100BB3662 /* Debug */ = {
			isa = XCBuildConfiguration;
			buildSettings = {
				ASSETCATALOG_COMPILER_APPICON_NAME = AppIcon;
				ASSETCATALOG_COMPILER_GLOBAL_ACCENT_COLOR_NAME = AccentColor;
				CODE_SIGN_STYLE = Automatic;
				DEVELOPMENT_ASSET_PATHS = "\"Pokedex/Preview Content\"";
				DEVELOPMENT_TEAM = 27N85AU6XK;
				ENABLE_PREVIEWS = YES;
				INFOPLIST_FILE = Pokedex/Info.plist;
				IPHONEOS_DEPLOYMENT_TARGET = 14.0;
				LD_RUNPATH_SEARCH_PATHS = (
					"$(inherited)",
					"@executable_path/Frameworks",
				);
				MARKETING_VERSION = 0.1.1;
				PRODUCT_BUNDLE_IDENTIFIER = com.bestcoast.swiftdex;
				PRODUCT_NAME = "$(TARGET_NAME)";
				SWIFT_VERSION = 5.0;
				TARGETED_DEVICE_FAMILY = "1,2";
			};
			name = Debug;
		};
		C878848A25BDEAF100BB3662 /* Release */ = {
			isa = XCBuildConfiguration;
			buildSettings = {
				ASSETCATALOG_COMPILER_APPICON_NAME = AppIcon;
				ASSETCATALOG_COMPILER_GLOBAL_ACCENT_COLOR_NAME = AccentColor;
				CODE_SIGN_STYLE = Automatic;
				DEVELOPMENT_ASSET_PATHS = "\"Pokedex/Preview Content\"";
				DEVELOPMENT_TEAM = 27N85AU6XK;
				ENABLE_PREVIEWS = YES;
				INFOPLIST_FILE = Pokedex/Info.plist;
				IPHONEOS_DEPLOYMENT_TARGET = 14.0;
				LD_RUNPATH_SEARCH_PATHS = (
					"$(inherited)",
					"@executable_path/Frameworks",
				);
				MARKETING_VERSION = 0.1.1;
				PRODUCT_BUNDLE_IDENTIFIER = com.bestcoast.swiftdex;
				PRODUCT_NAME = "$(TARGET_NAME)";
				SWIFT_VERSION = 5.0;
				TARGETED_DEVICE_FAMILY = "1,2";
			};
			name = Release;
		};
/* End XCBuildConfiguration section */

/* Begin XCConfigurationList section */
		C878847425BDEAEF00BB3662 /* Build configuration list for PBXProject "Pokedex" */ = {
			isa = XCConfigurationList;
			buildConfigurations = (
				C878848625BDEAF100BB3662 /* Debug */,
				C878848725BDEAF100BB3662 /* Release */,
			);
			defaultConfigurationIsVisible = 0;
			defaultConfigurationName = Release;
		};
		C878848825BDEAF100BB3662 /* Build configuration list for PBXNativeTarget "Pokedex" */ = {
			isa = XCConfigurationList;
			buildConfigurations = (
				C878848925BDEAF100BB3662 /* Debug */,
				C878848A25BDEAF100BB3662 /* Release */,
			);
			defaultConfigurationIsVisible = 0;
			defaultConfigurationName = Release;
		};
/* End XCConfigurationList section */

/* Begin XCRemoteSwiftPackageReference section */
		C8157AD525C1CFD000A1046A /* XCRemoteSwiftPackageReference "Kingfisher" */ = {
			isa = XCRemoteSwiftPackageReference;
			repositoryURL = "https://github.com/onevcat/Kingfisher.git";
			requirement = {
				kind = upToNextMajorVersion;
				minimumVersion = 6.0.1;
			};
		};
		C8157B2C25C3086600A1046A /* XCRemoteSwiftPackageReference "realm-cocoa" */ = {
			isa = XCRemoteSwiftPackageReference;
			repositoryURL = "https://github.com/realm/realm-cocoa.git";
			requirement = {
				kind = upToNextMajorVersion;
				minimumVersion = 10.5.1;
			};
		};
/* End XCRemoteSwiftPackageReference section */

/* Begin XCSwiftPackageProductDependency section */
		C8157AD625C1CFD000A1046A /* Kingfisher */ = {
			isa = XCSwiftPackageProductDependency;
			package = C8157AD525C1CFD000A1046A /* XCRemoteSwiftPackageReference "Kingfisher" */;
			productName = Kingfisher;
		};
		C8157B2D25C3086600A1046A /* Realm */ = {
			isa = XCSwiftPackageProductDependency;
			package = C8157B2C25C3086600A1046A /* XCRemoteSwiftPackageReference "realm-cocoa" */;
			productName = Realm;
		};
		C8157B2F25C3086600A1046A /* RealmSwift */ = {
			isa = XCSwiftPackageProductDependency;
			package = C8157B2C25C3086600A1046A /* XCRemoteSwiftPackageReference "realm-cocoa" */;
			productName = RealmSwift;
		};
/* End XCSwiftPackageProductDependency section */
	};
	rootObject = C878847125BDEAEF00BB3662 /* Project object */;
}
